// !$*UTF8*$!
{
	archiveVersion = 1;
	classes = {
	};
	objectVersion = 54;
	objects = {

/* Begin PBXBuildFile section */
		0031EBFEB8AD5257311668D5 /* Data.swift in Sources */ = {isa = PBXBuildFile; fileRef = 4A5E6A02E087AD8E011F4C9A /* Data.swift */; };
		0089D45E408CB452CB23D1A5 /* View.swift in Sources */ = {isa = PBXBuildFile; fileRef = 4FA9FB67ABB948A25DC5CC83 /* View.swift */; };
		00CEED02DAF4794989F51DA5 /* String+SpecialCharacters.swift in Sources */ = {isa = PBXBuildFile; fileRef = 128C8BCE3E3C62FF94562128 /* String+SpecialCharacters.swift */; };
		019556F2EC98102D90B9CDA7 /* AssertSnapshot.swift in Sources */ = {isa = PBXBuildFile; fileRef = 5EA4FB79F17B442A9028EDC8 /* AssertSnapshot.swift */; };
		021B8168322E1875BE399D90 /* Async.swift in Sources */ = {isa = PBXBuildFile; fileRef = C6F8282F82C0A52879E925DE /* Async.swift */; };
		039AD74054141E465929661F /* SnapshotsTestTrait.swift in Sources */ = {isa = PBXBuildFile; fileRef = EEC1FCF284B2E24BE4A497E7 /* SnapshotsTestTrait.swift */; };
		03B011D718D55E9384FD188C /* XCTAttachment.swift in Sources */ = {isa = PBXBuildFile; fileRef = 7024AED4D98BBD585414F426 /* XCTAttachment.swift */; };
		04DA4F829D0E762493995804 /* SwiftUIView.swift in Sources */ = {isa = PBXBuildFile; fileRef = 57B3004C10386D548089F381 /* SwiftUIView.swift */; };
		0B2F247FFE2124498DC2F4C8 /* URLRequest.swift in Sources */ = {isa = PBXBuildFile; fileRef = C68787C646CE27F7F7BD66D9 /* URLRequest.swift */; };
		0CBB9DA8D91C4D1EBE9CB529 /* String+SpecialCharacters.swift in Sources */ = {isa = PBXBuildFile; fileRef = 128C8BCE3E3C62FF94562128 /* String+SpecialCharacters.swift */; };
		0DC9BB01263EED6DCC4116A4 /* PlistEncoder.swift in Sources */ = {isa = PBXBuildFile; fileRef = 5565570184DCFD26A0475C15 /* PlistEncoder.swift */; };
		106C6884014A19BE8322E0DB /* SpriteKit.swift in Sources */ = {isa = PBXBuildFile; fileRef = C78FD9C397C6F57993BEA6CA /* SpriteKit.swift */; };
		10CEA704514882306D4F81A3 /* String.swift in Sources */ = {isa = PBXBuildFile; fileRef = 9C50CF6EAD190D471BC4E133 /* String.swift */; };
		136FCE52F803D1E5D64DCFE9 /* NSImage.swift in Sources */ = {isa = PBXBuildFile; fileRef = 8E367A461D91931E5B57EBFE /* NSImage.swift */; };
		14A31DED4BC21127405A5B41 /* UIBezierPath.swift in Sources */ = {isa = PBXBuildFile; fileRef = 3ACFE99DAE552287531D8A63 /* UIBezierPath.swift */; };
		1A25AC885C5E4AE2828253B8 /* CaseIterable.swift in Sources */ = {isa = PBXBuildFile; fileRef = 3FC439253B4081837756F0B0 /* CaseIterable.swift */; };
		1FF5A903157A2334153DBE90 /* WithSnapshotTestingTests.swift in Sources */ = {isa = PBXBuildFile; fileRef = AEFA0D00BC89014F321CEF40 /* WithSnapshotTestingTests.swift */; };
		2005C6B5079792ABE772DB18 /* Diffing.swift in Sources */ = {isa = PBXBuildFile; fileRef = AE219C0DDB0C31E95A418FF4 /* Diffing.swift */; };
		2550ADA478836E79F366CACF /* Documentation.docc in Sources */ = {isa = PBXBuildFile; fileRef = 40EC062DA42D5D414FBDA8E9 /* Documentation.docc */; };
		2E3F562DF4A8251E6ED4704C /* SnapshotTesting.framework in Embed Frameworks */ = {isa = PBXBuildFile; fileRef = 8F9883B60A8B403A39BCF888 /* SnapshotTesting.framework */; settings = {ATTRIBUTES = (CodeSignOnCopy, RemoveHeadersOnCopy, ); }; };
		3B895101EEA4F16BEEA6AE12 /* Data.swift in Sources */ = {isa = PBXBuildFile; fileRef = 4A5E6A02E087AD8E011F4C9A /* Data.swift */; };
		3C56EAECD5BC471E6DBA3335 /* SnapshotsTraitTests.swift in Sources */ = {isa = PBXBuildFile; fileRef = 2B7CF705119884DB04FCEBB6 /* SnapshotsTraitTests.swift */; };
		3C845C29C172D8EFC2932D1A /* RecordIssue.swift in Sources */ = {isa = PBXBuildFile; fileRef = 037F4627663BDDE27E7ABB2D /* RecordIssue.swift */; };
		3EFB73D7D0A4D9FDE7CD7A94 /* UIImage.swift in Sources */ = {isa = PBXBuildFile; fileRef = F796D8D35BADD96C681F7749 /* UIImage.swift */; };
		3FEAAC7293D594120D6336C3 /* DeprecationTests.swift in Sources */ = {isa = PBXBuildFile; fileRef = 5E53B0C3109945ED725DE0C0 /* DeprecationTests.swift */; };
		45543CAAE745288CE28E5D69 /* RecordTests.swift in Sources */ = {isa = PBXBuildFile; fileRef = 71B7CCCD6398470998099AA7 /* RecordTests.swift */; };
		4CB8DA9D2642D66E7C1F652D /* SnapshotsTestTrait.swift in Sources */ = {isa = PBXBuildFile; fileRef = EEC1FCF284B2E24BE4A497E7 /* SnapshotsTestTrait.swift */; };
		4D29FC5B3E184FC6887814F8 /* Wait.swift in Sources */ = {isa = PBXBuildFile; fileRef = 5C1475053A39505D52AD8A34 /* Wait.swift */; };
		4E6C9C9118F5D83E58C5138D /* NSBezierPath.swift in Sources */ = {isa = PBXBuildFile; fileRef = E2DCC9FBEF33BF71209502C9 /* NSBezierPath.swift */; };
		4FE598C1C803A8C18C3B5EE9 /* SpriteKit.swift in Sources */ = {isa = PBXBuildFile; fileRef = C78FD9C397C6F57993BEA6CA /* SpriteKit.swift */; };
		50DFBA820EE576B12A160B32 /* Internal.swift in Sources */ = {isa = PBXBuildFile; fileRef = E508B4B8D81E3B5E980BBCE9 /* Internal.swift */; };
		5629505402F08436F5E4C250 /* NSView.swift in Sources */ = {isa = PBXBuildFile; fileRef = A95526116D4C3C4668F4C1F8 /* NSView.swift */; };
		5A5F87646FB492693503E9C3 /* SnapshotTesting.framework in Embed Frameworks */ = {isa = PBXBuildFile; fileRef = 50945BA2653A2A96CFA62431 /* SnapshotTesting.framework */; settings = {ATTRIBUTES = (CodeSignOnCopy, RemoveHeadersOnCopy, ); }; };
		5B62C84EF7D87C4F4FFB60EF /* NSImage.swift in Sources */ = {isa = PBXBuildFile; fileRef = 8E367A461D91931E5B57EBFE /* NSImage.swift */; };
		5D99C491CBEBAFC858157C41 /* CaseIterable.swift in Sources */ = {isa = PBXBuildFile; fileRef = 3FC439253B4081837756F0B0 /* CaseIterable.swift */; };
		5E7622719B7DF963A69261C5 /* SnapshotTestingConfiguration.swift in Sources */ = {isa = PBXBuildFile; fileRef = ADF3EDD3F891893BF0BCB898 /* SnapshotTestingConfiguration.swift */; };
		627288A936DDFE3E9CA56AAE /* CGPath.swift in Sources */ = {isa = PBXBuildFile; fileRef = 3B7CBC5CCF05DDD05C773497 /* CGPath.swift */; };
		62CBF1286826F25FCC771F14 /* NSBezierPath.swift in Sources */ = {isa = PBXBuildFile; fileRef = E2DCC9FBEF33BF71209502C9 /* NSBezierPath.swift */; };
		6421DE01130B4D040AD7B77D /* Diff.swift in Sources */ = {isa = PBXBuildFile; fileRef = 5686AD770BE5F56B335AD1FF /* Diff.swift */; };
		6582AFE0AE705DD3DDF0F9B3 /* Encodable.swift in Sources */ = {isa = PBXBuildFile; fileRef = 0A50AE1E8EC5D8560C5D4A78 /* Encodable.swift */; };
		65D60468AE42A6DDF54E7945 /* Any.swift in Sources */ = {isa = PBXBuildFile; fileRef = 36D497760EF83306CFB7B518 /* Any.swift */; };
		6976324126338F2492A98BF3 /* UIViewController.swift in Sources */ = {isa = PBXBuildFile; fileRef = DB1FDADDB3A8FEDC2716DA00 /* UIViewController.swift */; };
		6B8777FC87447E08C1E3ED96 /* Documentation.docc in Sources */ = {isa = PBXBuildFile; fileRef = 40EC062DA42D5D414FBDA8E9 /* Documentation.docc */; };
		77F972661F2DFEE9F0C36273 /* SnapshotTestingTests.swift in Sources */ = {isa = PBXBuildFile; fileRef = 1F485B71B519F3FA2E2E12C4 /* SnapshotTestingTests.swift */; };
		794D22BED6E1808DA7ABBB5B /* Deprecations.swift in Sources */ = {isa = PBXBuildFile; fileRef = D7C75F04AD4A3A602D509949 /* Deprecations.swift */; };
		7EB93675E82E548D5C3484BE /* SceneKit.swift in Sources */ = {isa = PBXBuildFile; fileRef = BF7FCA5867EE5CDDC5E12158 /* SceneKit.swift */; };
		7FCAB1A6B0DAB21C3E6F4130 /* SceneKit.swift in Sources */ = {isa = PBXBuildFile; fileRef = BF7FCA5867EE5CDDC5E12158 /* SceneKit.swift */; };
		87C1D5A44E2B1AA53702B378 /* Diff.swift in Sources */ = {isa = PBXBuildFile; fileRef = 5686AD770BE5F56B335AD1FF /* Diff.swift */; };
		8CBA4A31894D9E4EFFCD812A /* SnapshotTestingTests.swift in Sources */ = {isa = PBXBuildFile; fileRef = 1F485B71B519F3FA2E2E12C4 /* SnapshotTestingTests.swift */; };
		8F30D9AC87701AECD17444AE /* CALayer.swift in Sources */ = {isa = PBXBuildFile; fileRef = 8AC4407E244C785C78DFDC5A /* CALayer.swift */; };
		8FF885F67766E66E0FBC672B /* RecordTests.swift in Sources */ = {isa = PBXBuildFile; fileRef = 71B7CCCD6398470998099AA7 /* RecordTests.swift */; };
		91365530888583947BEF30FE /* Diffing.swift in Sources */ = {isa = PBXBuildFile; fileRef = AE219C0DDB0C31E95A418FF4 /* Diffing.swift */; };
		94583B80399A9B9E40503409 /* CALayer.swift in Sources */ = {isa = PBXBuildFile; fileRef = 8AC4407E244C785C78DFDC5A /* CALayer.swift */; };
		94D269B93F5288F01ABDCD38 /* SwiftUIView.swift in Sources */ = {isa = PBXBuildFile; fileRef = 57B3004C10386D548089F381 /* SwiftUIView.swift */; };
		9DF1A9D833064FD7033862E9 /* TestHelpers.swift in Sources */ = {isa = PBXBuildFile; fileRef = B499C6D5C00B18E2DE61052C /* TestHelpers.swift */; };
		9FBEF9F4395D96FCCB65E539 /* RecordIssue.swift in Sources */ = {isa = PBXBuildFile; fileRef = 037F4627663BDDE27E7ABB2D /* RecordIssue.swift */; };
		A2643F830711A34C0EBB148A /* UIView.swift in Sources */ = {isa = PBXBuildFile; fileRef = A2356627120786D37182CD8D /* UIView.swift */; };
		AA136715CA62CC3326CB1C89 /* String.swift in Sources */ = {isa = PBXBuildFile; fileRef = 9C50CF6EAD190D471BC4E133 /* String.swift */; };
		ABE3E29154FA657A4590C7A6 /* XCTAttachment.swift in Sources */ = {isa = PBXBuildFile; fileRef = 7024AED4D98BBD585414F426 /* XCTAttachment.swift */; };
		B06D218C9A5A5F3090D9FAEB /* Internal.swift in Sources */ = {isa = PBXBuildFile; fileRef = E508B4B8D81E3B5E980BBCE9 /* Internal.swift */; };
		B11AE7BD7762C8A6F3431475 /* SnapshotsTraitTests.swift in Sources */ = {isa = PBXBuildFile; fileRef = 2B7CF705119884DB04FCEBB6 /* SnapshotsTraitTests.swift */; };
		B2C717E2B32DEC0C935CA361 /* WaitTests.swift in Sources */ = {isa = PBXBuildFile; fileRef = E038C1E6F248346163C89FA6 /* WaitTests.swift */; };
		B7E30306BA4924587A0712F9 /* Wait.swift in Sources */ = {isa = PBXBuildFile; fileRef = 5C1475053A39505D52AD8A34 /* Wait.swift */; };
		B9494D5921302668601E4B40 /* UIViewController.swift in Sources */ = {isa = PBXBuildFile; fileRef = DB1FDADDB3A8FEDC2716DA00 /* UIViewController.swift */; };
		BB7907E0AC96E452246DD8B8 /* DeprecationTests.swift in Sources */ = {isa = PBXBuildFile; fileRef = 5E53B0C3109945ED725DE0C0 /* DeprecationTests.swift */; };
		C2EEBEE23865A3C18D857C55 /* CGPath.swift in Sources */ = {isa = PBXBuildFile; fileRef = 3B7CBC5CCF05DDD05C773497 /* CGPath.swift */; };
		C7D3967802A629C7DE07EAFB /* UIView.swift in Sources */ = {isa = PBXBuildFile; fileRef = A2356627120786D37182CD8D /* UIView.swift */; };
		C95AB32F6DC7BEBADB2CA6CA /* AssertSnapshot.swift in Sources */ = {isa = PBXBuildFile; fileRef = 5EA4FB79F17B442A9028EDC8 /* AssertSnapshot.swift */; };
		CD3C6E720C2CE17BA9C0E166 /* URLRequest.swift in Sources */ = {isa = PBXBuildFile; fileRef = C68787C646CE27F7F7BD66D9 /* URLRequest.swift */; };
		D033A5BD6E2710BFA13B599D /* TestHelpers.swift in Sources */ = {isa = PBXBuildFile; fileRef = B499C6D5C00B18E2DE61052C /* TestHelpers.swift */; };
		D22CEA20BF40E0D86196C6A1 /* WaitTests.swift in Sources */ = {isa = PBXBuildFile; fileRef = E038C1E6F248346163C89FA6 /* WaitTests.swift */; };
		D3E3E6C974E835048071BCE0 /* SnapshotTesting.framework in Frameworks */ = {isa = PBXBuildFile; fileRef = 50945BA2653A2A96CFA62431 /* SnapshotTesting.framework */; };
		D576E7C26E07D6A2906E5BAC /* NSView.swift in Sources */ = {isa = PBXBuildFile; fileRef = A95526116D4C3C4668F4C1F8 /* NSView.swift */; };
		DEF814D9DC7A33290B71E637 /* UIBezierPath.swift in Sources */ = {isa = PBXBuildFile; fileRef = 3ACFE99DAE552287531D8A63 /* UIBezierPath.swift */; };
		DF9CCB9187FFB4812C127249 /* NSViewController.swift in Sources */ = {isa = PBXBuildFile; fileRef = 871A3457543E10A5AF2D4AF8 /* NSViewController.swift */; };
		E25DBD8BE8FDF1A7A987E696 /* UIImage.swift in Sources */ = {isa = PBXBuildFile; fileRef = F796D8D35BADD96C681F7749 /* UIImage.swift */; };
		E782227F8EAC3EF35107EA02 /* Async.swift in Sources */ = {isa = PBXBuildFile; fileRef = C6F8282F82C0A52879E925DE /* Async.swift */; };
		E9926544F3E94E47DAA68330 /* PlistEncoder.swift in Sources */ = {isa = PBXBuildFile; fileRef = 5565570184DCFD26A0475C15 /* PlistEncoder.swift */; };
		EBEFF211E5BF3C3E8651DC01 /* WithSnapshotTestingTests.swift in Sources */ = {isa = PBXBuildFile; fileRef = AEFA0D00BC89014F321CEF40 /* WithSnapshotTestingTests.swift */; };
		EC28D96BEC5BCD2050F1AEE1 /* Deprecations.swift in Sources */ = {isa = PBXBuildFile; fileRef = D7C75F04AD4A3A602D509949 /* Deprecations.swift */; };
		EC2AB62474EB7558FC4D2C35 /* SnapshotTestingConfiguration.swift in Sources */ = {isa = PBXBuildFile; fileRef = ADF3EDD3F891893BF0BCB898 /* SnapshotTestingConfiguration.swift */; };
		ED0885208F020E5077502B33 /* Any.swift in Sources */ = {isa = PBXBuildFile; fileRef = 36D497760EF83306CFB7B518 /* Any.swift */; };
		ED240EB56D83564053000A6D /* Snapshotting.swift in Sources */ = {isa = PBXBuildFile; fileRef = 5DD0518DFF8595064D440D44 /* Snapshotting.swift */; };
		F1BC565E985963D2D123DEA4 /* Snapshotting.swift in Sources */ = {isa = PBXBuildFile; fileRef = 5DD0518DFF8595064D440D44 /* Snapshotting.swift */; };
		F6AF095DF11D49A7AB86AD64 /* View.swift in Sources */ = {isa = PBXBuildFile; fileRef = 4FA9FB67ABB948A25DC5CC83 /* View.swift */; };
		FB2B7D47186E76CE5B318A26 /* Encodable.swift in Sources */ = {isa = PBXBuildFile; fileRef = 0A50AE1E8EC5D8560C5D4A78 /* Encodable.swift */; };
		FBDFF661DB08CFB75DFB12C3 /* SnapshotTesting.framework in Frameworks */ = {isa = PBXBuildFile; fileRef = 8F9883B60A8B403A39BCF888 /* SnapshotTesting.framework */; };
		FE4A28835C3682B0899991FA /* NSViewController.swift in Sources */ = {isa = PBXBuildFile; fileRef = 871A3457543E10A5AF2D4AF8 /* NSViewController.swift */; };
/* End PBXBuildFile section */

/* Begin PBXContainerItemProxy section */
		B058BB219909BE43A13145CE /* PBXContainerItemProxy */ = {
			isa = PBXContainerItemProxy;
			containerPortal = 675140927BC96A4EABE97C29 /* Project object */;
			proxyType = 1;
			remoteGlobalIDString = 0E84A93796E47328AAE7C80F;
			remoteInfo = SnapshotTesting_macOS;
		};
		C8CE9EEA7A950707F54ED735 /* PBXContainerItemProxy */ = {
			isa = PBXContainerItemProxy;
			containerPortal = 675140927BC96A4EABE97C29 /* Project object */;
			proxyType = 1;
			remoteGlobalIDString = 64F17F6842573B100D61132C;
			remoteInfo = SnapshotTesting_iOS;
		};
/* End PBXContainerItemProxy section */

/* Begin PBXCopyFilesBuildPhase section */
		2B39CDAF2782B3AACE8CA703 /* Embed Frameworks */ = {
			isa = PBXCopyFilesBuildPhase;
			buildActionMask = 2147483647;
			dstPath = "";
			dstSubfolderSpec = 10;
			files = (
				5A5F87646FB492693503E9C3 /* SnapshotTesting.framework in Embed Frameworks */,
			);
			name = "Embed Frameworks";
			runOnlyForDeploymentPostprocessing = 0;
		};
		75F014F726FEA97EE3834679 /* Embed Frameworks */ = {
			isa = PBXCopyFilesBuildPhase;
			buildActionMask = 2147483647;
			dstPath = "";
			dstSubfolderSpec = 10;
			files = (
				2E3F562DF4A8251E6ED4704C /* SnapshotTesting.framework in Embed Frameworks */,
			);
			name = "Embed Frameworks";
			runOnlyForDeploymentPostprocessing = 0;
		};
/* End PBXCopyFilesBuildPhase section */

/* Begin PBXFileReference section */
		037F4627663BDDE27E7ABB2D /* RecordIssue.swift */ = {isa = PBXFileReference; lastKnownFileType = sourcecode.swift; path = RecordIssue.swift; sourceTree = "<group>"; };
		0A50AE1E8EC5D8560C5D4A78 /* Encodable.swift */ = {isa = PBXFileReference; lastKnownFileType = sourcecode.swift; path = Encodable.swift; sourceTree = "<group>"; };
		128C8BCE3E3C62FF94562128 /* String+SpecialCharacters.swift */ = {isa = PBXFileReference; lastKnownFileType = sourcecode.swift; path = "String+SpecialCharacters.swift"; sourceTree = "<group>"; };
		1A5C645E2FE5492A8D89C969 /* Info.plist */ = {isa = PBXFileReference; lastKnownFileType = text.plist; path = Info.plist; sourceTree = "<group>"; };
		1F485B71B519F3FA2E2E12C4 /* SnapshotTestingTests.swift */ = {isa = PBXFileReference; lastKnownFileType = sourcecode.swift; path = SnapshotTestingTests.swift; sourceTree = "<group>"; };
		2B7CF705119884DB04FCEBB6 /* SnapshotsTraitTests.swift */ = {isa = PBXFileReference; lastKnownFileType = sourcecode.swift; path = SnapshotsTraitTests.swift; sourceTree = "<group>"; };
		36D497760EF83306CFB7B518 /* Any.swift */ = {isa = PBXFileReference; lastKnownFileType = sourcecode.swift; path = Any.swift; sourceTree = "<group>"; };
		3ACFE99DAE552287531D8A63 /* UIBezierPath.swift */ = {isa = PBXFileReference; lastKnownFileType = sourcecode.swift; path = UIBezierPath.swift; sourceTree = "<group>"; };
		3B7CBC5CCF05DDD05C773497 /* CGPath.swift */ = {isa = PBXFileReference; lastKnownFileType = sourcecode.swift; path = CGPath.swift; sourceTree = "<group>"; };
		3FC439253B4081837756F0B0 /* CaseIterable.swift */ = {isa = PBXFileReference; lastKnownFileType = sourcecode.swift; path = CaseIterable.swift; sourceTree = "<group>"; };
		40EC062DA42D5D414FBDA8E9 /* Documentation.docc */ = {isa = PBXFileReference; lastKnownFileType = folder.documentationcatalog; path = Documentation.docc; sourceTree = "<group>"; };
		4A5E6A02E087AD8E011F4C9A /* Data.swift */ = {isa = PBXFileReference; lastKnownFileType = sourcecode.swift; path = Data.swift; sourceTree = "<group>"; };
		4FA9FB67ABB948A25DC5CC83 /* View.swift */ = {isa = PBXFileReference; lastKnownFileType = sourcecode.swift; path = View.swift; sourceTree = "<group>"; };
		50945BA2653A2A96CFA62431 /* SnapshotTesting.framework */ = {isa = PBXFileReference; explicitFileType = wrapper.framework; includeInIndex = 0; path = SnapshotTesting.framework; sourceTree = BUILT_PRODUCTS_DIR; };
		5565570184DCFD26A0475C15 /* PlistEncoder.swift */ = {isa = PBXFileReference; lastKnownFileType = sourcecode.swift; path = PlistEncoder.swift; sourceTree = "<group>"; };
		5686AD770BE5F56B335AD1FF /* Diff.swift */ = {isa = PBXFileReference; lastKnownFileType = sourcecode.swift; path = Diff.swift; sourceTree = "<group>"; };
		57B3004C10386D548089F381 /* SwiftUIView.swift */ = {isa = PBXFileReference; lastKnownFileType = sourcecode.swift; path = SwiftUIView.swift; sourceTree = "<group>"; };
		5C1475053A39505D52AD8A34 /* Wait.swift */ = {isa = PBXFileReference; lastKnownFileType = sourcecode.swift; path = Wait.swift; sourceTree = "<group>"; };
		5DD0518DFF8595064D440D44 /* Snapshotting.swift */ = {isa = PBXFileReference; lastKnownFileType = sourcecode.swift; path = Snapshotting.swift; sourceTree = "<group>"; };
		5E53B0C3109945ED725DE0C0 /* DeprecationTests.swift */ = {isa = PBXFileReference; lastKnownFileType = sourcecode.swift; path = DeprecationTests.swift; sourceTree = "<group>"; };
		5EA4FB79F17B442A9028EDC8 /* AssertSnapshot.swift */ = {isa = PBXFileReference; lastKnownFileType = sourcecode.swift; path = AssertSnapshot.swift; sourceTree = "<group>"; };
		7024AED4D98BBD585414F426 /* XCTAttachment.swift */ = {isa = PBXFileReference; lastKnownFileType = sourcecode.swift; path = XCTAttachment.swift; sourceTree = "<group>"; };
		71B7CCCD6398470998099AA7 /* RecordTests.swift */ = {isa = PBXFileReference; lastKnownFileType = sourcecode.swift; path = RecordTests.swift; sourceTree = "<group>"; };
		8563DC0D660D87E1CDE5D696 /* SnapshotTestingTests.xctest */ = {isa = PBXFileReference; includeInIndex = 0; lastKnownFileType = wrapper.cfbundle; path = SnapshotTestingTests.xctest; sourceTree = BUILT_PRODUCTS_DIR; };
		871A3457543E10A5AF2D4AF8 /* NSViewController.swift */ = {isa = PBXFileReference; lastKnownFileType = sourcecode.swift; path = NSViewController.swift; sourceTree = "<group>"; };
		8AC4407E244C785C78DFDC5A /* CALayer.swift */ = {isa = PBXFileReference; lastKnownFileType = sourcecode.swift; path = CALayer.swift; sourceTree = "<group>"; };
		8E367A461D91931E5B57EBFE /* NSImage.swift */ = {isa = PBXFileReference; lastKnownFileType = sourcecode.swift; path = NSImage.swift; sourceTree = "<group>"; };
		8F9883B60A8B403A39BCF888 /* SnapshotTesting.framework */ = {isa = PBXFileReference; explicitFileType = wrapper.framework; includeInIndex = 0; path = SnapshotTesting.framework; sourceTree = BUILT_PRODUCTS_DIR; };
		9C50CF6EAD190D471BC4E133 /* String.swift */ = {isa = PBXFileReference; lastKnownFileType = sourcecode.swift; path = String.swift; sourceTree = "<group>"; };
		A2356627120786D37182CD8D /* UIView.swift */ = {isa = PBXFileReference; lastKnownFileType = sourcecode.swift; path = UIView.swift; sourceTree = "<group>"; };
		A95526116D4C3C4668F4C1F8 /* NSView.swift */ = {isa = PBXFileReference; lastKnownFileType = sourcecode.swift; path = NSView.swift; sourceTree = "<group>"; };
		AA79A05ABAE4F4EAF9E9F1E4 /* SnapshotTestingTests.xctest */ = {isa = PBXFileReference; explicitFileType = wrapper.cfbundle; includeInIndex = 0; path = SnapshotTestingTests.xctest; sourceTree = BUILT_PRODUCTS_DIR; };
		ADF3EDD3F891893BF0BCB898 /* SnapshotTestingConfiguration.swift */ = {isa = PBXFileReference; lastKnownFileType = sourcecode.swift; path = SnapshotTestingConfiguration.swift; sourceTree = "<group>"; };
		AE219C0DDB0C31E95A418FF4 /* Diffing.swift */ = {isa = PBXFileReference; lastKnownFileType = sourcecode.swift; path = Diffing.swift; sourceTree = "<group>"; };
		AEFA0D00BC89014F321CEF40 /* WithSnapshotTestingTests.swift */ = {isa = PBXFileReference; lastKnownFileType = sourcecode.swift; path = WithSnapshotTestingTests.swift; sourceTree = "<group>"; };
		B499C6D5C00B18E2DE61052C /* TestHelpers.swift */ = {isa = PBXFileReference; lastKnownFileType = sourcecode.swift; path = TestHelpers.swift; sourceTree = "<group>"; };
		BF7FCA5867EE5CDDC5E12158 /* SceneKit.swift */ = {isa = PBXFileReference; lastKnownFileType = sourcecode.swift; path = SceneKit.swift; sourceTree = "<group>"; };
		C68787C646CE27F7F7BD66D9 /* URLRequest.swift */ = {isa = PBXFileReference; lastKnownFileType = sourcecode.swift; path = URLRequest.swift; sourceTree = "<group>"; };
		C6F8282F82C0A52879E925DE /* Async.swift */ = {isa = PBXFileReference; lastKnownFileType = sourcecode.swift; path = Async.swift; sourceTree = "<group>"; };
		C78FD9C397C6F57993BEA6CA /* SpriteKit.swift */ = {isa = PBXFileReference; lastKnownFileType = sourcecode.swift; path = SpriteKit.swift; sourceTree = "<group>"; };
		D666794E3B0D727DF74EEA80 /* Info.plist */ = {isa = PBXFileReference; lastKnownFileType = text.plist; path = Info.plist; sourceTree = "<group>"; };
		D7C75F04AD4A3A602D509949 /* Deprecations.swift */ = {isa = PBXFileReference; lastKnownFileType = sourcecode.swift; path = Deprecations.swift; sourceTree = "<group>"; };
		DB1FDADDB3A8FEDC2716DA00 /* UIViewController.swift */ = {isa = PBXFileReference; lastKnownFileType = sourcecode.swift; path = UIViewController.swift; sourceTree = "<group>"; };
		E038C1E6F248346163C89FA6 /* WaitTests.swift */ = {isa = PBXFileReference; lastKnownFileType = sourcecode.swift; path = WaitTests.swift; sourceTree = "<group>"; };
		E2DCC9FBEF33BF71209502C9 /* NSBezierPath.swift */ = {isa = PBXFileReference; lastKnownFileType = sourcecode.swift; path = NSBezierPath.swift; sourceTree = "<group>"; };
		E508B4B8D81E3B5E980BBCE9 /* Internal.swift */ = {isa = PBXFileReference; lastKnownFileType = sourcecode.swift; path = Internal.swift; sourceTree = "<group>"; };
		EEC1FCF284B2E24BE4A497E7 /* SnapshotsTestTrait.swift */ = {isa = PBXFileReference; lastKnownFileType = sourcecode.swift; path = SnapshotsTestTrait.swift; sourceTree = "<group>"; };
		F796D8D35BADD96C681F7749 /* UIImage.swift */ = {isa = PBXFileReference; lastKnownFileType = sourcecode.swift; path = UIImage.swift; sourceTree = "<group>"; };
/* End PBXFileReference section */

/* Begin PBXFrameworksBuildPhase section */
		996FEA889951F6F3D1BF06C4 /* Frameworks */ = {
			isa = PBXFrameworksBuildPhase;
			buildActionMask = 2147483647;
			files = (
				FBDFF661DB08CFB75DFB12C3 /* SnapshotTesting.framework in Frameworks */,
			);
			runOnlyForDeploymentPostprocessing = 0;
		};
		BAE83A5007FC62993054C460 /* Frameworks */ = {
			isa = PBXFrameworksBuildPhase;
			buildActionMask = 2147483647;
			files = (
				D3E3E6C974E835048071BCE0 /* SnapshotTesting.framework in Frameworks */,
			);
			runOnlyForDeploymentPostprocessing = 0;
		};
/* End PBXFrameworksBuildPhase section */

/* Begin PBXGroup section */
		0270B4FD1010850D7D1B908B /* Products */ = {
			isa = PBXGroup;
			children = (
				50945BA2653A2A96CFA62431 /* SnapshotTesting.framework */,
				8F9883B60A8B403A39BCF888 /* SnapshotTesting.framework */,
				8563DC0D660D87E1CDE5D696 /* SnapshotTestingTests.xctest */,
				AA79A05ABAE4F4EAF9E9F1E4 /* SnapshotTestingTests.xctest */,
			);
			name = Products;
			sourceTree = "<group>";
		};
		248D0CCA0FAC03E2F35400E8 /* Extensions */ = {
			isa = PBXGroup;
			children = (
				5C1475053A39505D52AD8A34 /* Wait.swift */,
			);
			path = Extensions;
			sourceTree = "<group>";
		};
		49610AF282F7C3B13014F814 /* Common */ = {
			isa = PBXGroup;
			children = (
				E508B4B8D81E3B5E980BBCE9 /* Internal.swift */,
				5565570184DCFD26A0475C15 /* PlistEncoder.swift */,
				128C8BCE3E3C62FF94562128 /* String+SpecialCharacters.swift */,
				4FA9FB67ABB948A25DC5CC83 /* View.swift */,
				7024AED4D98BBD585414F426 /* XCTAttachment.swift */,
			);
			path = Common;
			sourceTree = "<group>";
		};
		4E04F42F0D6037A850AFF7BA /* Internal */ = {
			isa = PBXGroup;
			children = (
				D7C75F04AD4A3A602D509949 /* Deprecations.swift */,
				037F4627663BDDE27E7ABB2D /* RecordIssue.swift */,
			);
			path = Internal;
			sourceTree = "<group>";
		};
		56185AD4FE1BBC443C9CFDDE = {
			isa = PBXGroup;
			children = (
				974C9C01CCDFBE392F534A08 /* SnapshotTesting */,
				B346473E845D3121038A2926 /* SnapshotTestingTests */,
				0270B4FD1010850D7D1B908B /* Products */,
			);
			indentWidth = 2;
			sourceTree = "<group>";
			tabWidth = 2;
			usesTabs = 0;
		};
		974C9C01CCDFBE392F534A08 /* SnapshotTesting */ = {
			isa = PBXGroup;
			children = (
				5EA4FB79F17B442A9028EDC8 /* AssertSnapshot.swift */,
				C6F8282F82C0A52879E925DE /* Async.swift */,
				5686AD770BE5F56B335AD1FF /* Diff.swift */,
				AE219C0DDB0C31E95A418FF4 /* Diffing.swift */,
				40EC062DA42D5D414FBDA8E9 /* Documentation.docc */,
				1A5C645E2FE5492A8D89C969 /* Info.plist */,
				EEC1FCF284B2E24BE4A497E7 /* SnapshotsTestTrait.swift */,
				ADF3EDD3F891893BF0BCB898 /* SnapshotTestingConfiguration.swift */,
				5DD0518DFF8595064D440D44 /* Snapshotting.swift */,
				49610AF282F7C3B13014F814 /* Common */,
				248D0CCA0FAC03E2F35400E8 /* Extensions */,
				4E04F42F0D6037A850AFF7BA /* Internal */,
				D95E2465F231A2AED6E472AF /* Snapshotting */,
			);
			name = SnapshotTesting;
			path = Sources/SnapshotTesting;
			sourceTree = "<group>";
		};
		B346473E845D3121038A2926 /* SnapshotTestingTests */ = {
			isa = PBXGroup;
			children = (
				5E53B0C3109945ED725DE0C0 /* DeprecationTests.swift */,
				D666794E3B0D727DF74EEA80 /* Info.plist */,
				71B7CCCD6398470998099AA7 /* RecordTests.swift */,
				2B7CF705119884DB04FCEBB6 /* SnapshotsTraitTests.swift */,
				1F485B71B519F3FA2E2E12C4 /* SnapshotTestingTests.swift */,
				B499C6D5C00B18E2DE61052C /* TestHelpers.swift */,
				E038C1E6F248346163C89FA6 /* WaitTests.swift */,
				AEFA0D00BC89014F321CEF40 /* WithSnapshotTestingTests.swift */,
			);
			name = SnapshotTestingTests;
			path = Tests/SnapshotTestingTests;
			sourceTree = "<group>";
		};
		D95E2465F231A2AED6E472AF /* Snapshotting */ = {
			isa = PBXGroup;
			children = (
				36D497760EF83306CFB7B518 /* Any.swift */,
				8AC4407E244C785C78DFDC5A /* CALayer.swift */,
				3FC439253B4081837756F0B0 /* CaseIterable.swift */,
				3B7CBC5CCF05DDD05C773497 /* CGPath.swift */,
				4A5E6A02E087AD8E011F4C9A /* Data.swift */,
				0A50AE1E8EC5D8560C5D4A78 /* Encodable.swift */,
				E2DCC9FBEF33BF71209502C9 /* NSBezierPath.swift */,
				8E367A461D91931E5B57EBFE /* NSImage.swift */,
				A95526116D4C3C4668F4C1F8 /* NSView.swift */,
				871A3457543E10A5AF2D4AF8 /* NSViewController.swift */,
				BF7FCA5867EE5CDDC5E12158 /* SceneKit.swift */,
				C78FD9C397C6F57993BEA6CA /* SpriteKit.swift */,
				9C50CF6EAD190D471BC4E133 /* String.swift */,
				57B3004C10386D548089F381 /* SwiftUIView.swift */,
				3ACFE99DAE552287531D8A63 /* UIBezierPath.swift */,
				F796D8D35BADD96C681F7749 /* UIImage.swift */,
				A2356627120786D37182CD8D /* UIView.swift */,
				DB1FDADDB3A8FEDC2716DA00 /* UIViewController.swift */,
				C68787C646CE27F7F7BD66D9 /* URLRequest.swift */,
			);
			path = Snapshotting;
			sourceTree = "<group>";
		};
/* End PBXGroup section */

/* Begin PBXNativeTarget section */
		0E84A93796E47328AAE7C80F /* SnapshotTesting_macOS */ = {
			isa = PBXNativeTarget;
			buildConfigurationList = 67DF8F8EE0829CEC5997C47A /* Build configuration list for PBXNativeTarget "SnapshotTesting_macOS" */;
			buildPhases = (
				4372F9413B9579D2EE893177 /* Sources */,
			);
			buildRules = (
			);
			dependencies = (
			);
			name = SnapshotTesting_macOS;
			productName = SnapshotTesting_macOS;
			productReference = 8F9883B60A8B403A39BCF888 /* SnapshotTesting.framework */;
			productType = "com.apple.product-type.framework";
		};
		4D351C54668E3B5721A83752 /* SnapshotTestingTests_macOS */ = {
			isa = PBXNativeTarget;
			buildConfigurationList = 8C8E718FA8686D70ECC68A56 /* Build configuration list for PBXNativeTarget "SnapshotTestingTests_macOS" */;
			buildPhases = (
				96B1767B728E93E434569005 /* Sources */,
				996FEA889951F6F3D1BF06C4 /* Frameworks */,
				75F014F726FEA97EE3834679 /* Embed Frameworks */,
			);
			buildRules = (
			);
			dependencies = (
				4E93E054EDEBD6C7A0334C86 /* PBXTargetDependency */,
			);
			name = SnapshotTestingTests_macOS;
			productName = SnapshotTestingTests_macOS;
			productReference = AA79A05ABAE4F4EAF9E9F1E4 /* SnapshotTestingTests.xctest */;
			productType = "com.apple.product-type.bundle.unit-test";
		};
		64F17F6842573B100D61132C /* SnapshotTesting_iOS */ = {
			isa = PBXNativeTarget;
			buildConfigurationList = 53535ECD7578718495DC8DA7 /* Build configuration list for PBXNativeTarget "SnapshotTesting_iOS" */;
			buildPhases = (
				5F135DB42A0325BA355D5E92 /* Sources */,
			);
			buildRules = (
			);
			dependencies = (
			);
			name = SnapshotTesting_iOS;
			productName = SnapshotTesting_iOS;
			productReference = 50945BA2653A2A96CFA62431 /* SnapshotTesting.framework */;
			productType = "com.apple.product-type.framework";
		};
		6C1340F5ED556C5C9B3AE657 /* SnapshotTestingTests_iOS */ = {
			isa = PBXNativeTarget;
			buildConfigurationList = 43416B28BD58085FC3F324D7 /* Build configuration list for PBXNativeTarget "SnapshotTestingTests_iOS" */;
			buildPhases = (
				D22C51E62F912D35132DAC16 /* Sources */,
				BAE83A5007FC62993054C460 /* Frameworks */,
				2B39CDAF2782B3AACE8CA703 /* Embed Frameworks */,
			);
			buildRules = (
			);
			dependencies = (
				B44D3AFF3DE7F305DDB0D75A /* PBXTargetDependency */,
			);
			name = SnapshotTestingTests_iOS;
			productName = SnapshotTestingTests_iOS;
			productReference = 8563DC0D660D87E1CDE5D696 /* SnapshotTestingTests.xctest */;
			productType = "com.apple.product-type.bundle.unit-test";
		};
/* End PBXNativeTarget section */

/* Begin PBXProject section */
		675140927BC96A4EABE97C29 /* Project object */ = {
			isa = PBXProject;
			attributes = {
				BuildIndependentTargetsInParallel = YES;
				LastUpgradeCheck = 1430;
				TargetAttributes = {
				};
			};
			buildConfigurationList = D9A4BF45876C849A308801A2 /* Build configuration list for PBXProject "SnapshotTesting" */;
			compatibilityVersion = "Xcode 14.0";
			developmentRegion = en;
			hasScannedForEncodings = 0;
			knownRegions = (
				Base,
				en,
			);
			mainGroup = 56185AD4FE1BBC443C9CFDDE;
			projectDirPath = "";
			projectRoot = "";
			targets = (
				6C1340F5ED556C5C9B3AE657 /* SnapshotTestingTests_iOS */,
				4D351C54668E3B5721A83752 /* SnapshotTestingTests_macOS */,
				64F17F6842573B100D61132C /* SnapshotTesting_iOS */,
				0E84A93796E47328AAE7C80F /* SnapshotTesting_macOS */,
			);
		};
/* End PBXProject section */

/* Begin PBXSourcesBuildPhase section */
		4372F9413B9579D2EE893177 /* Sources */ = {
			isa = PBXSourcesBuildPhase;
			buildActionMask = 2147483647;
			files = (
				ED0885208F020E5077502B33 /* Any.swift in Sources */,
				C95AB32F6DC7BEBADB2CA6CA /* AssertSnapshot.swift in Sources */,
				021B8168322E1875BE399D90 /* Async.swift in Sources */,
				94583B80399A9B9E40503409 /* CALayer.swift in Sources */,
				627288A936DDFE3E9CA56AAE /* CGPath.swift in Sources */,
				5D99C491CBEBAFC858157C41 /* CaseIterable.swift in Sources */,
				3B895101EEA4F16BEEA6AE12 /* Data.swift in Sources */,
				EC28D96BEC5BCD2050F1AEE1 /* Deprecations.swift in Sources */,
				6421DE01130B4D040AD7B77D /* Diff.swift in Sources */,
				2005C6B5079792ABE772DB18 /* Diffing.swift in Sources */,
				6B8777FC87447E08C1E3ED96 /* Documentation.docc in Sources */,
				FB2B7D47186E76CE5B318A26 /* Encodable.swift in Sources */,
				50DFBA820EE576B12A160B32 /* Internal.swift in Sources */,
				4E6C9C9118F5D83E58C5138D /* NSBezierPath.swift in Sources */,
				5B62C84EF7D87C4F4FFB60EF /* NSImage.swift in Sources */,
				5629505402F08436F5E4C250 /* NSView.swift in Sources */,
				FE4A28835C3682B0899991FA /* NSViewController.swift in Sources */,
				0DC9BB01263EED6DCC4116A4 /* PlistEncoder.swift in Sources */,
				3C845C29C172D8EFC2932D1A /* RecordIssue.swift in Sources */,
				7EB93675E82E548D5C3484BE /* SceneKit.swift in Sources */,
				EC2AB62474EB7558FC4D2C35 /* SnapshotTestingConfiguration.swift in Sources */,
				039AD74054141E465929661F /* SnapshotsTestTrait.swift in Sources */,
				ED240EB56D83564053000A6D /* Snapshotting.swift in Sources */,
				4FE598C1C803A8C18C3B5EE9 /* SpriteKit.swift in Sources */,
				0CBB9DA8D91C4D1EBE9CB529 /* String+SpecialCharacters.swift in Sources */,
				AA136715CA62CC3326CB1C89 /* String.swift in Sources */,
				94D269B93F5288F01ABDCD38 /* SwiftUIView.swift in Sources */,
				DEF814D9DC7A33290B71E637 /* UIBezierPath.swift in Sources */,
				E25DBD8BE8FDF1A7A987E696 /* UIImage.swift in Sources */,
				C7D3967802A629C7DE07EAFB /* UIView.swift in Sources */,
				6976324126338F2492A98BF3 /* UIViewController.swift in Sources */,
				CD3C6E720C2CE17BA9C0E166 /* URLRequest.swift in Sources */,
				F6AF095DF11D49A7AB86AD64 /* View.swift in Sources */,
				4D29FC5B3E184FC6887814F8 /* Wait.swift in Sources */,
				03B011D718D55E9384FD188C /* XCTAttachment.swift in Sources */,
			);
			runOnlyForDeploymentPostprocessing = 0;
		};
		5F135DB42A0325BA355D5E92 /* Sources */ = {
			isa = PBXSourcesBuildPhase;
			buildActionMask = 2147483647;
			files = (
				65D60468AE42A6DDF54E7945 /* Any.swift in Sources */,
				019556F2EC98102D90B9CDA7 /* AssertSnapshot.swift in Sources */,
				E782227F8EAC3EF35107EA02 /* Async.swift in Sources */,
				8F30D9AC87701AECD17444AE /* CALayer.swift in Sources */,
				C2EEBEE23865A3C18D857C55 /* CGPath.swift in Sources */,
				1A25AC885C5E4AE2828253B8 /* CaseIterable.swift in Sources */,
				0031EBFEB8AD5257311668D5 /* Data.swift in Sources */,
				794D22BED6E1808DA7ABBB5B /* Deprecations.swift in Sources */,
				87C1D5A44E2B1AA53702B378 /* Diff.swift in Sources */,
				91365530888583947BEF30FE /* Diffing.swift in Sources */,
				2550ADA478836E79F366CACF /* Documentation.docc in Sources */,
				6582AFE0AE705DD3DDF0F9B3 /* Encodable.swift in Sources */,
				B06D218C9A5A5F3090D9FAEB /* Internal.swift in Sources */,
				62CBF1286826F25FCC771F14 /* NSBezierPath.swift in Sources */,
				136FCE52F803D1E5D64DCFE9 /* NSImage.swift in Sources */,
				D576E7C26E07D6A2906E5BAC /* NSView.swift in Sources */,
				DF9CCB9187FFB4812C127249 /* NSViewController.swift in Sources */,
				E9926544F3E94E47DAA68330 /* PlistEncoder.swift in Sources */,
				9FBEF9F4395D96FCCB65E539 /* RecordIssue.swift in Sources */,
				7FCAB1A6B0DAB21C3E6F4130 /* SceneKit.swift in Sources */,
				5E7622719B7DF963A69261C5 /* SnapshotTestingConfiguration.swift in Sources */,
				4CB8DA9D2642D66E7C1F652D /* SnapshotsTestTrait.swift in Sources */,
				F1BC565E985963D2D123DEA4 /* Snapshotting.swift in Sources */,
				106C6884014A19BE8322E0DB /* SpriteKit.swift in Sources */,
				00CEED02DAF4794989F51DA5 /* String+SpecialCharacters.swift in Sources */,
				10CEA704514882306D4F81A3 /* String.swift in Sources */,
				04DA4F829D0E762493995804 /* SwiftUIView.swift in Sources */,
				14A31DED4BC21127405A5B41 /* UIBezierPath.swift in Sources */,
				3EFB73D7D0A4D9FDE7CD7A94 /* UIImage.swift in Sources */,
				A2643F830711A34C0EBB148A /* UIView.swift in Sources */,
				B9494D5921302668601E4B40 /* UIViewController.swift in Sources */,
				0B2F247FFE2124498DC2F4C8 /* URLRequest.swift in Sources */,
				0089D45E408CB452CB23D1A5 /* View.swift in Sources */,
				B7E30306BA4924587A0712F9 /* Wait.swift in Sources */,
				ABE3E29154FA657A4590C7A6 /* XCTAttachment.swift in Sources */,
			);
			runOnlyForDeploymentPostprocessing = 0;
		};
		96B1767B728E93E434569005 /* Sources */ = {
			isa = PBXSourcesBuildPhase;
			buildActionMask = 2147483647;
			files = (
				BB7907E0AC96E452246DD8B8 /* DeprecationTests.swift in Sources */,
				45543CAAE745288CE28E5D69 /* RecordTests.swift in Sources */,
				77F972661F2DFEE9F0C36273 /* SnapshotTestingTests.swift in Sources */,
				3C56EAECD5BC471E6DBA3335 /* SnapshotsTraitTests.swift in Sources */,
				9DF1A9D833064FD7033862E9 /* TestHelpers.swift in Sources */,
				B2C717E2B32DEC0C935CA361 /* WaitTests.swift in Sources */,
				1FF5A903157A2334153DBE90 /* WithSnapshotTestingTests.swift in Sources */,
			);
			runOnlyForDeploymentPostprocessing = 0;
		};
		D22C51E62F912D35132DAC16 /* Sources */ = {
			isa = PBXSourcesBuildPhase;
			buildActionMask = 2147483647;
			files = (
				3FEAAC7293D594120D6336C3 /* DeprecationTests.swift in Sources */,
				8FF885F67766E66E0FBC672B /* RecordTests.swift in Sources */,
				8CBA4A31894D9E4EFFCD812A /* SnapshotTestingTests.swift in Sources */,
				B11AE7BD7762C8A6F3431475 /* SnapshotsTraitTests.swift in Sources */,
				D033A5BD6E2710BFA13B599D /* TestHelpers.swift in Sources */,
				D22CEA20BF40E0D86196C6A1 /* WaitTests.swift in Sources */,
				EBEFF211E5BF3C3E8651DC01 /* WithSnapshotTestingTests.swift in Sources */,
			);
			runOnlyForDeploymentPostprocessing = 0;
		};
/* End PBXSourcesBuildPhase section */

/* Begin PBXTargetDependency section */
		4E93E054EDEBD6C7A0334C86 /* PBXTargetDependency */ = {
			isa = PBXTargetDependency;
			target = 0E84A93796E47328AAE7C80F /* SnapshotTesting_macOS */;
			targetProxy = B058BB219909BE43A13145CE /* PBXContainerItemProxy */;
		};
		B44D3AFF3DE7F305DDB0D75A /* PBXTargetDependency */ = {
			isa = PBXTargetDependency;
			target = 64F17F6842573B100D61132C /* SnapshotTesting_iOS */;
			targetProxy = C8CE9EEA7A950707F54ED735 /* PBXContainerItemProxy */;
		};
/* End PBXTargetDependency section */

/* Begin XCBuildConfiguration section */
		0599123409D3A74965DD7DF5 /* Debug */ = {
			isa = XCBuildConfiguration;
			buildSettings = {
				APPLICATION_EXTENSION_API_ONLY = YES;
				BUNDLE_LOADER = "$(TEST_HOST)";
				INFOPLIST_FILE = Tests/SnapshotTestingTests/Info.plist;
				LD_RUNPATH_SEARCH_PATHS = (
					"$(inherited)",
					"@executable_path/Frameworks",
					"@loader_path/Frameworks",
				);
				PRODUCT_BUNDLE_IDENTIFIER = "co.pointfree.SnapshotTestingTests-iOS";
				PRODUCT_NAME = SnapshotTestingTests;
				SDKROOT = iphoneos;
				SWIFT_VERSION = 5.0;
				TARGETED_DEVICE_FAMILY = "1,2";
			};
			name = Debug;
		};
		40A5D28387BCBCA2CC1FE11C /* Release */ = {
			isa = XCBuildConfiguration;
			buildSettings = {
				APPLICATION_EXTENSION_API_ONLY = YES;
				BUNDLE_LOADER = "$(TEST_HOST)";
				INFOPLIST_FILE = Tests/SnapshotTestingTests/Info.plist;
				LD_RUNPATH_SEARCH_PATHS = (
					"$(inherited)",
					"@executable_path/Frameworks",
					"@loader_path/Frameworks",
				);
				PRODUCT_BUNDLE_IDENTIFIER = "co.pointfree.SnapshotTestingTests-iOS";
				PRODUCT_NAME = SnapshotTestingTests;
				SDKROOT = iphoneos;
				SWIFT_VERSION = 5.0;
				TARGETED_DEVICE_FAMILY = "1,2";
			};
			name = Release;
		};
		4FA7607F66B8ABA649B6056C /* Debug */ = {
			isa = XCBuildConfiguration;
			buildSettings = {
				APPLICATION_EXTENSION_API_ONLY = YES;
				CODE_SIGN_IDENTITY = "";
				COMBINE_HIDPI_IMAGES = YES;
				CURRENT_PROJECT_VERSION = 1;
				DEFINES_MODULE = NO;
				DYLIB_COMPATIBILITY_VERSION = 1;
				DYLIB_CURRENT_VERSION = 1;
				DYLIB_INSTALL_NAME_BASE = "@rpath";
				ENABLE_BITCODE = NO;
				ENABLE_TESTING_SEARCH_PATHS = YES;
				FRAMEWORK_SEARCH_PATHS = "$(inherited) $(PLATFORM_DIR)/Developer/Library/Frameworks";
				INFOPLIST_FILE = Sources/SnapshotTesting/Info.plist;
				INSTALL_PATH = "$(LOCAL_LIBRARY_DIR)/Frameworks";
				LD_RUNPATH_SEARCH_PATHS = (
					"$(inherited)",
					"@executable_path/../Frameworks",
				);
				PRODUCT_BUNDLE_IDENTIFIER = "co.pointfree.SnapshotTesting-macOS";
				PRODUCT_NAME = SnapshotTesting;
				SDKROOT = macosx;
				SKIP_INSTALL = YES;
				SWIFT_VERSION = 5.0;
				VERSIONING_SYSTEM = "apple-generic";
			};
			name = Debug;
		};
		7A892D3CF9DFA14F5D83DDC6 /* Debug */ = {
			isa = XCBuildConfiguration;
			buildSettings = {
				APPLICATION_EXTENSION_API_ONLY = YES;
				BUNDLE_LOADER = "$(TEST_HOST)";
				COMBINE_HIDPI_IMAGES = YES;
				INFOPLIST_FILE = Tests/SnapshotTestingTests/Info.plist;
				LD_RUNPATH_SEARCH_PATHS = (
					"$(inherited)",
					"@executable_path/../Frameworks",
					"@loader_path/../Frameworks",
				);
				PRODUCT_BUNDLE_IDENTIFIER = "co.pointfree.SnapshotTestingTests-macOS";
				PRODUCT_NAME = SnapshotTestingTests;
				SDKROOT = macosx;
				SWIFT_VERSION = 5.0;
			};
			name = Debug;
		};
		97BC453D0A2FD987C257005F /* Release */ = {
			isa = XCBuildConfiguration;
			buildSettings = {
				APPLICATION_EXTENSION_API_ONLY = YES;
				CODE_SIGN_IDENTITY = "";
				COMBINE_HIDPI_IMAGES = YES;
				CURRENT_PROJECT_VERSION = 1;
				DEFINES_MODULE = NO;
				DYLIB_COMPATIBILITY_VERSION = 1;
				DYLIB_CURRENT_VERSION = 1;
				DYLIB_INSTALL_NAME_BASE = "@rpath";
				ENABLE_BITCODE = NO;
				ENABLE_TESTING_SEARCH_PATHS = YES;
				FRAMEWORK_SEARCH_PATHS = "$(inherited) $(PLATFORM_DIR)/Developer/Library/Frameworks";
				INFOPLIST_FILE = Sources/SnapshotTesting/Info.plist;
				INSTALL_PATH = "$(LOCAL_LIBRARY_DIR)/Frameworks";
				LD_RUNPATH_SEARCH_PATHS = (
					"$(inherited)",
					"@executable_path/../Frameworks",
				);
				PRODUCT_BUNDLE_IDENTIFIER = "co.pointfree.SnapshotTesting-macOS";
				PRODUCT_NAME = SnapshotTesting;
				SDKROOT = macosx;
				SKIP_INSTALL = YES;
				SWIFT_VERSION = 5.0;
				VERSIONING_SYSTEM = "apple-generic";
			};
			name = Release;
		};
		AEDE104E00DE98A57AC67D74 /* Release */ = {
			isa = XCBuildConfiguration;
			buildSettings = {
				ALWAYS_SEARCH_USER_PATHS = NO;
				CLANG_ANALYZER_NONNULL = YES;
				CLANG_ANALYZER_NUMBER_OBJECT_CONVERSION = YES_AGGRESSIVE;
				CLANG_CXX_LANGUAGE_STANDARD = "gnu++14";
				CLANG_CXX_LIBRARY = "libc++";
				CLANG_ENABLE_MODULES = YES;
				CLANG_ENABLE_OBJC_ARC = YES;
				CLANG_ENABLE_OBJC_WEAK = YES;
				CLANG_WARN_BLOCK_CAPTURE_AUTORELEASING = YES;
				CLANG_WARN_BOOL_CONVERSION = YES;
				CLANG_WARN_COMMA = YES;
				CLANG_WARN_CONSTANT_CONVERSION = YES;
				CLANG_WARN_DEPRECATED_OBJC_IMPLEMENTATIONS = YES;
				CLANG_WARN_DIRECT_OBJC_ISA_USAGE = YES_ERROR;
				CLANG_WARN_DOCUMENTATION_COMMENTS = YES;
				CLANG_WARN_EMPTY_BODY = YES;
				CLANG_WARN_ENUM_CONVERSION = YES;
				CLANG_WARN_INFINITE_RECURSION = YES;
				CLANG_WARN_INT_CONVERSION = YES;
				CLANG_WARN_NON_LITERAL_NULL_CONVERSION = YES;
				CLANG_WARN_OBJC_IMPLICIT_RETAIN_SELF = YES;
				CLANG_WARN_OBJC_LITERAL_CONVERSION = YES;
				CLANG_WARN_OBJC_ROOT_CLASS = YES_ERROR;
				CLANG_WARN_QUOTED_INCLUDE_IN_FRAMEWORK_HEADER = YES;
				CLANG_WARN_RANGE_LOOP_ANALYSIS = YES;
				CLANG_WARN_STRICT_PROTOTYPES = YES;
				CLANG_WARN_SUSPICIOUS_MOVE = YES;
				CLANG_WARN_UNGUARDED_AVAILABILITY = YES_AGGRESSIVE;
				CLANG_WARN_UNREACHABLE_CODE = YES;
				CLANG_WARN__DUPLICATE_METHOD_MATCH = YES;
				COPY_PHASE_STRIP = NO;
				DEBUG_INFORMATION_FORMAT = "dwarf-with-dsym";
				ENABLE_NS_ASSERTIONS = NO;
				ENABLE_STRICT_OBJC_MSGSEND = YES;
				GCC_C_LANGUAGE_STANDARD = gnu11;
				GCC_NO_COMMON_BLOCKS = YES;
				GCC_WARN_64_TO_32_BIT_CONVERSION = YES;
				GCC_WARN_ABOUT_RETURN_TYPE = YES_ERROR;
				GCC_WARN_UNDECLARED_SELECTOR = YES;
				GCC_WARN_UNINITIALIZED_AUTOS = YES_AGGRESSIVE;
				GCC_WARN_UNUSED_FUNCTION = YES;
				GCC_WARN_UNUSED_VARIABLE = YES;
				IPHONEOS_DEPLOYMENT_TARGET = 13.0;
				MACOSX_DEPLOYMENT_TARGET = 10.15;
				MTL_ENABLE_DEBUG_INFO = NO;
				MTL_FAST_MATH = YES;
				PRODUCT_NAME = "$(TARGET_NAME)";
				SWIFT_COMPILATION_MODE = wholemodule;
				SWIFT_OPTIMIZATION_LEVEL = "-O";
				SWIFT_VERSION = 5.0;
			};
			name = Release;
		};
		CF766E2537E4426A0D7C2694 /* Debug */ = {
			isa = XCBuildConfiguration;
			buildSettings = {
				APPLICATION_EXTENSION_API_ONLY = YES;
				CODE_SIGN_IDENTITY = "";
				CURRENT_PROJECT_VERSION = 1;
				DEFINES_MODULE = NO;
				DYLIB_COMPATIBILITY_VERSION = 1;
				DYLIB_CURRENT_VERSION = 1;
				DYLIB_INSTALL_NAME_BASE = "@rpath";
				ENABLE_BITCODE = NO;
				ENABLE_TESTING_SEARCH_PATHS = YES;
				FRAMEWORK_SEARCH_PATHS = "$(inherited) $(PLATFORM_DIR)/Developer/Library/Frameworks";
				INFOPLIST_FILE = Sources/SnapshotTesting/Info.plist;
				INSTALL_PATH = "$(LOCAL_LIBRARY_DIR)/Frameworks";
				LD_RUNPATH_SEARCH_PATHS = (
					"$(inherited)",
					"@executable_path/Frameworks",
				);
				PRODUCT_BUNDLE_IDENTIFIER = "co.pointfree.SnapshotTesting-iOS";
				PRODUCT_NAME = SnapshotTesting;
				SDKROOT = iphoneos;
				SKIP_INSTALL = YES;
				SWIFT_VERSION = 5.0;
				TARGETED_DEVICE_FAMILY = "1,2";
				VERSIONING_SYSTEM = "apple-generic";
			};
			name = Debug;
		};
		D9FF7D396CC20A3E59EB1145 /* Release */ = {
			isa = XCBuildConfiguration;
			buildSettings = {
				APPLICATION_EXTENSION_API_ONLY = YES;
				CODE_SIGN_IDENTITY = "";
				CURRENT_PROJECT_VERSION = 1;
				DEFINES_MODULE = NO;
				DYLIB_COMPATIBILITY_VERSION = 1;
				DYLIB_CURRENT_VERSION = 1;
				DYLIB_INSTALL_NAME_BASE = "@rpath";
				ENABLE_BITCODE = NO;
				ENABLE_TESTING_SEARCH_PATHS = YES;
				FRAMEWORK_SEARCH_PATHS = "$(inherited) $(PLATFORM_DIR)/Developer/Library/Frameworks";
				INFOPLIST_FILE = Sources/SnapshotTesting/Info.plist;
				INSTALL_PATH = "$(LOCAL_LIBRARY_DIR)/Frameworks";
				LD_RUNPATH_SEARCH_PATHS = (
					"$(inherited)",
					"@executable_path/Frameworks",
				);
				PRODUCT_BUNDLE_IDENTIFIER = "co.pointfree.SnapshotTesting-iOS";
				PRODUCT_NAME = SnapshotTesting;
				SDKROOT = iphoneos;
				SKIP_INSTALL = YES;
				SWIFT_VERSION = 5.0;
				TARGETED_DEVICE_FAMILY = "1,2";
				VERSIONING_SYSTEM = "apple-generic";
			};
			name = Release;
		};
		EB2503D15AB442FE79CAD0B3 /* Debug */ = {
			isa = XCBuildConfiguration;
			buildSettings = {
				ALWAYS_SEARCH_USER_PATHS = NO;
				CLANG_ANALYZER_NONNULL = YES;
				CLANG_ANALYZER_NUMBER_OBJECT_CONVERSION = YES_AGGRESSIVE;
				CLANG_CXX_LANGUAGE_STANDARD = "gnu++14";
				CLANG_CXX_LIBRARY = "libc++";
				CLANG_ENABLE_MODULES = YES;
				CLANG_ENABLE_OBJC_ARC = YES;
				CLANG_ENABLE_OBJC_WEAK = YES;
				CLANG_WARN_BLOCK_CAPTURE_AUTORELEASING = YES;
				CLANG_WARN_BOOL_CONVERSION = YES;
				CLANG_WARN_COMMA = YES;
				CLANG_WARN_CONSTANT_CONVERSION = YES;
				CLANG_WARN_DEPRECATED_OBJC_IMPLEMENTATIONS = YES;
				CLANG_WARN_DIRECT_OBJC_ISA_USAGE = YES_ERROR;
				CLANG_WARN_DOCUMENTATION_COMMENTS = YES;
				CLANG_WARN_EMPTY_BODY = YES;
				CLANG_WARN_ENUM_CONVERSION = YES;
				CLANG_WARN_INFINITE_RECURSION = YES;
				CLANG_WARN_INT_CONVERSION = YES;
				CLANG_WARN_NON_LITERAL_NULL_CONVERSION = YES;
				CLANG_WARN_OBJC_IMPLICIT_RETAIN_SELF = YES;
				CLANG_WARN_OBJC_LITERAL_CONVERSION = YES;
				CLANG_WARN_OBJC_ROOT_CLASS = YES_ERROR;
				CLANG_WARN_QUOTED_INCLUDE_IN_FRAMEWORK_HEADER = YES;
				CLANG_WARN_RANGE_LOOP_ANALYSIS = YES;
				CLANG_WARN_STRICT_PROTOTYPES = YES;
				CLANG_WARN_SUSPICIOUS_MOVE = YES;
				CLANG_WARN_UNGUARDED_AVAILABILITY = YES_AGGRESSIVE;
				CLANG_WARN_UNREACHABLE_CODE = YES;
				CLANG_WARN__DUPLICATE_METHOD_MATCH = YES;
				COPY_PHASE_STRIP = NO;
				DEBUG_INFORMATION_FORMAT = dwarf;
				ENABLE_STRICT_OBJC_MSGSEND = YES;
				ENABLE_TESTABILITY = YES;
				GCC_C_LANGUAGE_STANDARD = gnu11;
				GCC_DYNAMIC_NO_PIC = NO;
				GCC_NO_COMMON_BLOCKS = YES;
				GCC_OPTIMIZATION_LEVEL = 0;
				GCC_PREPROCESSOR_DEFINITIONS = (
					"$(inherited)",
					"DEBUG=1",
				);
				GCC_WARN_64_TO_32_BIT_CONVERSION = YES;
				GCC_WARN_ABOUT_RETURN_TYPE = YES_ERROR;
				GCC_WARN_UNDECLARED_SELECTOR = YES;
				GCC_WARN_UNINITIALIZED_AUTOS = YES_AGGRESSIVE;
				GCC_WARN_UNUSED_FUNCTION = YES;
				GCC_WARN_UNUSED_VARIABLE = YES;
				IPHONEOS_DEPLOYMENT_TARGET = 13.0;
				MACOSX_DEPLOYMENT_TARGET = 10.15;
				MTL_ENABLE_DEBUG_INFO = INCLUDE_SOURCE;
				MTL_FAST_MATH = YES;
				ONLY_ACTIVE_ARCH = YES;
				PRODUCT_NAME = "$(TARGET_NAME)";
				SWIFT_ACTIVE_COMPILATION_CONDITIONS = DEBUG;
				SWIFT_OPTIMIZATION_LEVEL = "-Onone";
				SWIFT_VERSION = 5.0;
			};
			name = Debug;
		};
		FFBA36D8171A8AF1E78CE7BE /* Release */ = {
			isa = XCBuildConfiguration;
			buildSettings = {
				APPLICATION_EXTENSION_API_ONLY = YES;
				BUNDLE_LOADER = "$(TEST_HOST)";
				COMBINE_HIDPI_IMAGES = YES;
				INFOPLIST_FILE = Tests/SnapshotTestingTests/Info.plist;
				LD_RUNPATH_SEARCH_PATHS = (
					"$(inherited)",
					"@executable_path/../Frameworks",
					"@loader_path/../Frameworks",
				);
				PRODUCT_BUNDLE_IDENTIFIER = "co.pointfree.SnapshotTestingTests-macOS";
				PRODUCT_NAME = SnapshotTestingTests;
				SDKROOT = macosx;
				SWIFT_VERSION = 5.0;
			};
			name = Release;
		};
/* End XCBuildConfiguration section */

/* Begin XCConfigurationList section */
		43416B28BD58085FC3F324D7 /* Build configuration list for PBXNativeTarget "SnapshotTestingTests_iOS" */ = {
			isa = XCConfigurationList;
			buildConfigurations = (
				0599123409D3A74965DD7DF5 /* Debug */,
				40A5D28387BCBCA2CC1FE11C /* Release */,
			);
			defaultConfigurationIsVisible = 0;
			defaultConfigurationName = Debug;
		};
		53535ECD7578718495DC8DA7 /* Build configuration list for PBXNativeTarget "SnapshotTesting_iOS" */ = {
			isa = XCConfigurationList;
			buildConfigurations = (
				CF766E2537E4426A0D7C2694 /* Debug */,
				D9FF7D396CC20A3E59EB1145 /* Release */,
			);
			defaultConfigurationIsVisible = 0;
			defaultConfigurationName = Debug;
		};
		67DF8F8EE0829CEC5997C47A /* Build configuration list for PBXNativeTarget "SnapshotTesting_macOS" */ = {
			isa = XCConfigurationList;
			buildConfigurations = (
				4FA7607F66B8ABA649B6056C /* Debug */,
				97BC453D0A2FD987C257005F /* Release */,
			);
			defaultConfigurationIsVisible = 0;
			defaultConfigurationName = Debug;
		};
		8C8E718FA8686D70ECC68A56 /* Build configuration list for PBXNativeTarget "SnapshotTestingTests_macOS" */ = {
			isa = XCConfigurationList;
			buildConfigurations = (
				7A892D3CF9DFA14F5D83DDC6 /* Debug */,
				FFBA36D8171A8AF1E78CE7BE /* Release */,
			);
			defaultConfigurationIsVisible = 0;
			defaultConfigurationName = Debug;
		};
		D9A4BF45876C849A308801A2 /* Build configuration list for PBXProject "SnapshotTesting" */ = {
			isa = XCConfigurationList;
			buildConfigurations = (
				EB2503D15AB442FE79CAD0B3 /* Debug */,
				AEDE104E00DE98A57AC67D74 /* Release */,
			);
			defaultConfigurationIsVisible = 0;
			defaultConfigurationName = Debug;
		};
/* End XCConfigurationList section */
	};
	rootObject = 675140927BC96A4EABE97C29 /* Project object */;
}
